
Microsoft Visual Studio Solution File, Format Version 12.00
# Visual Studio Version 16
VisualStudioVersion = 16.0.31515.178
MinimumVisualStudioVersion = 10.0.40219.1
Project("{FAE04EC0-301F-11D3-BF4B-00C04F79EFBC}") = "Proekt IT", "Proekt IT\Proekt IT.csproj", "{C304CD2F-577B-4B95-94CF-A079B921EC3E}"
EndProject
Global
	GlobalSection(SolutionConfigurationPlatforms) = preSolution
		Debug|Any CPU = Debug|Any CPU
		Release|Any CPU = Release|Any CPU
	EndGlobalSection
	GlobalSection(ProjectConfigurationPlatforms) = postSolution
		{C304CD2F-577B-4B95-94CF-A079B921EC3E}.Debug|Any CPU.ActiveCfg = Debug|Any CPU
		{C304CD2F-577B-4B95-94CF-A079B921EC3E}.Debug|Any CPU.Build.0 = Debug|Any CPU
		{C304CD2F-577B-4B95-94CF-A079B921EC3E}.Release|Any CPU.ActiveCfg = Release|Any CPU
		{C304CD2F-577B-4B95-94CF-A079B921EC3E}.Release|Any CPU.Build.0 = Release|Any CPU
	EndGlobalSection
	GlobalSection(SolutionProperties) = preSolution
		HideSolutionNode = FALSE
	EndGlobalSection
	GlobalSection(ExtensibilityGlobals) = postSolution
		SolutionGuid = {3ED461E4-9F65-44B3-A2F2-77D39A303581}
	EndGlobalSection
EndGlobal
